
Microsoft Visual Studio Solution File, Format Version 12.00
# Visual Studio Version 17
VisualStudioVersion = 17.10.35122.118
MinimumVisualStudioVersion = 10.0.40219.1
Project("{FAE04EC0-301F-11D3-BF4B-00C04F79EFBC}") = "WinFormsApp1", "WinFormsApp1.csproj", "{64D0CE80-5459-4381-8CB4-6EF7496350C2}"
EndProject
Global
	GlobalSection(SolutionConfigurationPlatforms) = preSolution
		Debug|Any CPU = Debug|Any CPU
		Release|Any CPU = Release|Any CPU
	EndGlobalSection
	GlobalSection(ProjectConfigurationPlatforms) = postSolution
		{64D0CE80-5459-4381-8CB4-6EF7496350C2}.Debug|Any CPU.ActiveCfg = Debug|Any CPU
		{64D0CE80-5459-4381-8CB4-6EF7496350C2}.Debug|Any CPU.Build.0 = Debug|Any CPU
		{64D0CE80-5459-4381-8CB4-6EF7496350C2}.Release|Any CPU.ActiveCfg = Release|Any CPU
		{64D0CE80-5459-4381-8CB4-6EF7496350C2}.Release|Any CPU.Build.0 = Release|Any CPU
	EndGlobalSection
	GlobalSection(SolutionProperties) = preSolution
		HideSolutionNode = FALSE
	EndGlobalSection
	GlobalSection(ExtensibilityGlobals) = postSolution
		SolutionGuid = {CAC923BC-EFA8-40F0-91E9-35A0610FDE3F}
	EndGlobalSection
EndGlobal
